
Microsoft Visual Studio Solution File, Format Version 12.00
# Visual Studio Version 16
VisualStudioVersion = 16.0.29905.134
MinimumVisualStudioVersion = 10.0.40219.1
Project("{FAE04EC0-301F-11D3-BF4B-00C04F79EFBC}") = "ConnectDatabse", "ConnectDatabse\ConnectDatabse.csproj", "{3D96E9EA-05F0-40EA-986A-A9108C094DAA}"
EndProject
Global
	GlobalSection(SolutionConfigurationPlatforms) = preSolution
		Debug|Any CPU = Debug|Any CPU
		Release|Any CPU = Release|Any CPU
	EndGlobalSection
	GlobalSection(ProjectConfigurationPlatforms) = postSolution
		{3D96E9EA-05F0-40EA-986A-A9108C094DAA}.Debug|Any CPU.ActiveCfg = Debug|Any CPU
		{3D96E9EA-05F0-40EA-986A-A9108C094DAA}.Debug|Any CPU.Build.0 = Debug|Any CPU
		{3D96E9EA-05F0-40EA-986A-A9108C094DAA}.Release|Any CPU.ActiveCfg = Release|Any CPU
		{3D96E9EA-05F0-40EA-986A-A9108C094DAA}.Release|Any CPU.Build.0 = Release|Any CPU
	EndGlobalSection
	GlobalSection(SolutionProperties) = preSolution
		HideSolutionNode = FALSE
	EndGlobalSection
	GlobalSection(ExtensibilityGlobals) = postSolution
		SolutionGuid = {69C8132D-C915-4E36-A3FB-920A5396C21F}
	EndGlobalSection
EndGlobal
